
Microsoft Visual Studio Solution File, Format Version 12.00
# Visual Studio Version 17
VisualStudioVersion = 17.7.34221.43
MinimumVisualStudioVersion = 10.0.40219.1
Project("{FAE04EC0-301F-11D3-BF4B-00C04F79EFBC}") = "DinningRoom", "DinningRoom\DinningRoom.csproj", "{A539CAE4-A2C5-4113-A438-4707ADAC1BBA}"
EndProject
Global
	GlobalSection(SolutionConfigurationPlatforms) = preSolution
		Debug|Any CPU = Debug|Any CPU
		Release|Any CPU = Release|Any CPU
	EndGlobalSection
	GlobalSection(ProjectConfigurationPlatforms) = postSolution
		{A539CAE4-A2C5-4113-A438-4707ADAC1BBA}.Debug|Any CPU.ActiveCfg = Debug|Any CPU
		{A539CAE4-A2C5-4113-A438-4707ADAC1BBA}.Debug|Any CPU.Build.0 = Debug|Any CPU
		{A539CAE4-A2C5-4113-A438-4707ADAC1BBA}.Release|Any CPU.ActiveCfg = Release|Any CPU
		{A539CAE4-A2C5-4113-A438-4707ADAC1BBA}.Release|Any CPU.Build.0 = Release|Any CPU
	EndGlobalSection
	GlobalSection(SolutionProperties) = preSolution
		HideSolutionNode = FALSE
	EndGlobalSection
	GlobalSection(ExtensibilityGlobals) = postSolution
		SolutionGuid = {23BDCAEA-76A7-4159-A006-D3F20E380716}
	EndGlobalSection
EndGlobal
